
Microsoft Visual Studio Solution File, Format Version 12.00
# Visual Studio 15
VisualStudioVersion = 15.0.36217.24
MinimumVisualStudioVersion = 10.0.40219.1
Project("{9A19103F-16F7-4668-BE54-9A1E7A4F7556}") = "AscentMigration", "AscentMigration.csproj", "{3BEE8FAA-1988-4B7E-B2D6-20DB10F496AD}"
EndProject
Global
	GlobalSection(SolutionConfigurationPlatforms) = preSolution
		Debug|Any CPU = Debug|Any CPU
		Release|Any CPU = Release|Any CPU
	EndGlobalSection
	GlobalSection(ProjectConfigurationPlatforms) = postSolution
		{3BEE8FAA-1988-4B7E-B2D6-20DB10F496AD}.Debug|Any CPU.ActiveCfg = Debug|Any CPU
		{3BEE8FAA-1988-4B7E-B2D6-20DB10F496AD}.Debug|Any CPU.Build.0 = Debug|Any CPU
		{3BEE8FAA-1988-4B7E-B2D6-20DB10F496AD}.Release|Any CPU.ActiveCfg = Release|Any CPU
		{3BEE8FAA-1988-4B7E-B2D6-20DB10F496AD}.Release|Any CPU.Build.0 = Release|Any CPU
	EndGlobalSection
	GlobalSection(SolutionProperties) = preSolution
		HideSolutionNode = FALSE
	EndGlobalSection
	GlobalSection(ExtensibilityGlobals) = postSolution
		SolutionGuid = {F4B6AABF-7B40-4554-806D-BF428202B63F}
	EndGlobalSection
EndGlobal
